// !$*UTF8*$!
{
	archiveVersion = 1;
	classes = {
	};
	objectVersion = 50;
	objects = {

/* Begin PBXBuildFile section */
		56970D7E26EC849C004B15ED /* MaterialRefreshCache.swift in Sources */ = {isa = PBXBuildFile; fileRef = 56970D6D26EC849B004B15ED /* MaterialRefreshCache.swift */; };
		56970D7F26EC849C004B15ED /* MateriallProductEvent.swift in Sources */ = {isa = PBXBuildFile; fileRef = 56970D6E26EC849B004B15ED /* MateriallProductEvent.swift */; };
		56970D8026EC849C004B15ED /* MaterialSimilarProductRequest.swift in Sources */ = {isa = PBXBuildFile; fileRef = 56970D6F26EC849B004B15ED /* MaterialSimilarProductRequest.swift */; };
		56970D8126EC849C004B15ED /* MateriallBackendConfiguration.swift in Sources */ = {isa = PBXBuildFile; fileRef = 56970D7026EC849B004B15ED /* MateriallBackendConfiguration.swift */; };
		56970D8326EC849C004B15ED /* Materiall.swift in Sources */ = {isa = PBXBuildFile; fileRef = 56970D7226EC849B004B15ED /* Materiall.swift */; };
		56970D8426EC849C004B15ED /* Materiall+Configuration.swift in Sources */ = {isa = PBXBuildFile; fileRef = 56970D7326EC849B004B15ED /* Materiall+Configuration.swift */; };
		56970D8526EC849C004B15ED /* MateriallResult.swift in Sources */ = {isa = PBXBuildFile; fileRef = 56970D7426EC849B004B15ED /* MateriallResult.swift */; };
		56970D8626EC849C004B15ED /* MateriallAsyncBlockOperation.swift in Sources */ = {isa = PBXBuildFile; fileRef = 56970D7526EC849B004B15ED /* MateriallAsyncBlockOperation.swift */; };
		56970D8726EC849C004B15ED /* MaterialRecommendationCategoryRequest.swift in Sources */ = {isa = PBXBuildFile; fileRef = 56970D7726EC849B004B15ED /* MaterialRecommendationCategoryRequest.swift */; };
		56970D8826EC849C004B15ED /* MateriallRecomProductSearchRequest.swift in Sources */ = {isa = PBXBuildFile; fileRef = 56970D7826EC849B004B15ED /* MateriallRecomProductSearchRequest.swift */; };
		56970D8926EC849C004B15ED /* MaterialGenerateDiversity.swift in Sources */ = {isa = PBXBuildFile; fileRef = 56970D7926EC849B004B15ED /* MaterialGenerateDiversity.swift */; };
		56970D8A26EC849C004B15ED /* MateriallNetworkService.swift in Sources */ = {isa = PBXBuildFile; fileRef = 56970D7A26EC849B004B15ED /* MateriallNetworkService.swift */; };
		56970D8B26EC849C004B15ED /* MaterialRefreshConfig.swift in Sources */ = {isa = PBXBuildFile; fileRef = 56970D7B26EC849B004B15ED /* MaterialRefreshConfig.swift */; };
		56970D8C26EC849C004B15ED /* MateriallBackendAPIRequest.swift in Sources */ = {isa = PBXBuildFile; fileRef = 56970D7C26EC849B004B15ED /* MateriallBackendAPIRequest.swift */; };
		56970D8D26EC849C004B15ED /* TimeService.swift in Sources */ = {isa = PBXBuildFile; fileRef = 56970D7D26EC849B004B15ED /* TimeService.swift */; };
		56CAAA1426EC7129002C247B /* AppDelegate.swift in Sources */ = {isa = PBXBuildFile; fileRef = 56CAAA1326EC7129002C247B /* AppDelegate.swift */; };
		56CAAA1626EC7129002C247B /* SceneDelegate.swift in Sources */ = {isa = PBXBuildFile; fileRef = 56CAAA1526EC7129002C247B /* SceneDelegate.swift */; };
		56CAAA1826EC7129002C247B /* ViewController.swift in Sources */ = {isa = PBXBuildFile; fileRef = 56CAAA1726EC7129002C247B /* ViewController.swift */; };
		56CAAA1B26EC7129002C247B /* Main.storyboard in Resources */ = {isa = PBXBuildFile; fileRef = 56CAAA1926EC7129002C247B /* Main.storyboard */; };
		56CAAA1D26EC712A002C247B /* Assets.xcassets in Resources */ = {isa = PBXBuildFile; fileRef = 56CAAA1C26EC712A002C247B /* Assets.xcassets */; };
		56CAAA2026EC712A002C247B /* LaunchScreen.storyboard in Resources */ = {isa = PBXBuildFile; fileRef = 56CAAA1E26EC712A002C247B /* LaunchScreen.storyboard */; };
		56CAAA2B26EC712A002C247B /* MateriallTestAppTests.swift in Sources */ = {isa = PBXBuildFile; fileRef = 56CAAA2A26EC712A002C247B /* MateriallTestAppTests.swift */; };
		56CAAA3626EC712A002C247B /* MateriallTestAppUITests.swift in Sources */ = {isa = PBXBuildFile; fileRef = 56CAAA3526EC712A002C247B /* MateriallTestAppUITests.swift */; };
/* End PBXBuildFile section */

/* Begin PBXContainerItemProxy section */
		56CAAA2726EC712A002C247B /* PBXContainerItemProxy */ = {
			isa = PBXContainerItemProxy;
			containerPortal = 56CAAA0826EC7129002C247B /* Project object */;
			proxyType = 1;
			remoteGlobalIDString = 56CAAA0F26EC7129002C247B;
			remoteInfo = MateriallTestApp;
		};
		56CAAA3226EC712A002C247B /* PBXContainerItemProxy */ = {
			isa = PBXContainerItemProxy;
			containerPortal = 56CAAA0826EC7129002C247B /* Project object */;
			proxyType = 1;
			remoteGlobalIDString = 56CAAA0F26EC7129002C247B;
			remoteInfo = MateriallTestApp;
		};
/* End PBXContainerItemProxy section */

/* Begin PBXCopyFilesBuildPhase section */
		56970D6226EC767B004B15ED /* Embed Frameworks */ = {
			isa = PBXCopyFilesBuildPhase;
			buildActionMask = 2147483647;
			dstPath = "";
			dstSubfolderSpec = 10;
			files = (
			);
			name = "Embed Frameworks";
			runOnlyForDeploymentPostprocessing = 0;
		};
/* End PBXCopyFilesBuildPhase section */

/* Begin PBXFileReference section */
		56970D6D26EC849B004B15ED /* MaterialRefreshCache.swift */ = {isa = PBXFileReference; fileEncoding = 4; lastKnownFileType = sourcecode.swift; path = MaterialRefreshCache.swift; sourceTree = "<group>"; };
		56970D6E26EC849B004B15ED /* MateriallProductEvent.swift */ = {isa = PBXFileReference; fileEncoding = 4; lastKnownFileType = sourcecode.swift; path = MateriallProductEvent.swift; sourceTree = "<group>"; };
		56970D6F26EC849B004B15ED /* MaterialSimilarProductRequest.swift */ = {isa = PBXFileReference; fileEncoding = 4; lastKnownFileType = sourcecode.swift; path = MaterialSimilarProductRequest.swift; sourceTree = "<group>"; };
		56970D7026EC849B004B15ED /* MateriallBackendConfiguration.swift */ = {isa = PBXFileReference; fileEncoding = 4; lastKnownFileType = sourcecode.swift; path = MateriallBackendConfiguration.swift; sourceTree = "<group>"; };
		56970D7226EC849B004B15ED /* Materiall.swift */ = {isa = PBXFileReference; fileEncoding = 4; lastKnownFileType = sourcecode.swift; path = Materiall.swift; sourceTree = "<group>"; };
		56970D7326EC849B004B15ED /* Materiall+Configuration.swift */ = {isa = PBXFileReference; fileEncoding = 4; lastKnownFileType = sourcecode.swift; path = "Materiall+Configuration.swift"; sourceTree = "<group>"; };
		56970D7426EC849B004B15ED /* MateriallResult.swift */ = {isa = PBXFileReference; fileEncoding = 4; lastKnownFileType = sourcecode.swift; path = MateriallResult.swift; sourceTree = "<group>"; };
		56970D7526EC849B004B15ED /* MateriallAsyncBlockOperation.swift */ = {isa = PBXFileReference; fileEncoding = 4; lastKnownFileType = sourcecode.swift; path = MateriallAsyncBlockOperation.swift; sourceTree = "<group>"; };
		56970D7626EC849B004B15ED /* Materiall.h */ = {isa = PBXFileReference; fileEncoding = 4; lastKnownFileType = sourcecode.c.h; path = Materiall.h; sourceTree = "<group>"; };
		56970D7726EC849B004B15ED /* MaterialRecommendationCategoryRequest.swift */ = {isa = PBXFileReference; fileEncoding = 4; lastKnownFileType = sourcecode.swift; path = MaterialRecommendationCategoryRequest.swift; sourceTree = "<group>"; };
		56970D7826EC849B004B15ED /* MateriallRecomProductSearchRequest.swift */ = {isa = PBXFileReference; fileEncoding = 4; lastKnownFileType = sourcecode.swift; path = MateriallRecomProductSearchRequest.swift; sourceTree = "<group>"; };
		56970D7926EC849B004B15ED /* MaterialGenerateDiversity.swift */ = {isa = PBXFileReference; fileEncoding = 4; lastKnownFileType = sourcecode.swift; path = MaterialGenerateDiversity.swift; sourceTree = "<group>"; };
		56970D7A26EC849B004B15ED /* MateriallNetworkService.swift */ = {isa = PBXFileReference; fileEncoding = 4; lastKnownFileType = sourcecode.swift; path = MateriallNetworkService.swift; sourceTree = "<group>"; };
		56970D7B26EC849B004B15ED /* MaterialRefreshConfig.swift */ = {isa = PBXFileReference; fileEncoding = 4; lastKnownFileType = sourcecode.swift; path = MaterialRefreshConfig.swift; sourceTree = "<group>"; };
		56970D7C26EC849B004B15ED /* MateriallBackendAPIRequest.swift */ = {isa = PBXFileReference; fileEncoding = 4; lastKnownFileType = sourcecode.swift; path = MateriallBackendAPIRequest.swift; sourceTree = "<group>"; };
		56970D7D26EC849B004B15ED /* TimeService.swift */ = {isa = PBXFileReference; fileEncoding = 4; lastKnownFileType = sourcecode.swift; path = TimeService.swift; sourceTree = "<group>"; };
		56CAAA1026EC7129002C247B /* MateriallTestAppSdk.app */ = {isa = PBXFileReference; explicitFileType = wrapper.application; includeInIndex = 0; path = MateriallTestAppSdk.app; sourceTree = BUILT_PRODUCTS_DIR; };
		56CAAA1326EC7129002C247B /* AppDelegate.swift */ = {isa = PBXFileReference; lastKnownFileType = sourcecode.swift; path = AppDelegate.swift; sourceTree = "<group>"; };
		56CAAA1526EC7129002C247B /* SceneDelegate.swift */ = {isa = PBXFileReference; lastKnownFileType = sourcecode.swift; path = SceneDelegate.swift; sourceTree = "<group>"; };
		56CAAA1726EC7129002C247B /* ViewController.swift */ = {isa = PBXFileReference; lastKnownFileType = sourcecode.swift; path = ViewController.swift; sourceTree = "<group>"; };
		56CAAA1A26EC7129002C247B /* Base */ = {isa = PBXFileReference; lastKnownFileType = file.storyboard; name = Base; path = Base.lproj/Main.storyboard; sourceTree = "<group>"; };
		56CAAA1C26EC712A002C247B /* Assets.xcassets */ = {isa = PBXFileReference; lastKnownFileType = folder.assetcatalog; path = Assets.xcassets; sourceTree = "<group>"; };
		56CAAA1F26EC712A002C247B /* Base */ = {isa = PBXFileReference; lastKnownFileType = file.storyboard; name = Base; path = Base.lproj/LaunchScreen.storyboard; sourceTree = "<group>"; };
		56CAAA2126EC712A002C247B /* Info.plist */ = {isa = PBXFileReference; lastKnownFileType = text.plist.xml; path = Info.plist; sourceTree = "<group>"; };
		56CAAA2626EC712A002C247B /* MateriallTestAppSdkTests.xctest */ = {isa = PBXFileReference; explicitFileType = wrapper.cfbundle; includeInIndex = 0; path = MateriallTestAppSdkTests.xctest; sourceTree = BUILT_PRODUCTS_DIR; };
		56CAAA2A26EC712A002C247B /* MateriallTestAppTests.swift */ = {isa = PBXFileReference; lastKnownFileType = sourcecode.swift; path = MateriallTestAppTests.swift; sourceTree = "<group>"; };
		56CAAA2C26EC712A002C247B /* Info.plist */ = {isa = PBXFileReference; lastKnownFileType = text.plist.xml; path = Info.plist; sourceTree = "<group>"; };
		56CAAA3126EC712A002C247B /* MateriallTestAppSdkUITests.xctest */ = {isa = PBXFileReference; explicitFileType = wrapper.cfbundle; includeInIndex = 0; path = MateriallTestAppSdkUITests.xctest; sourceTree = BUILT_PRODUCTS_DIR; };
		56CAAA3526EC712A002C247B /* MateriallTestAppUITests.swift */ = {isa = PBXFileReference; lastKnownFileType = sourcecode.swift; path = MateriallTestAppUITests.swift; sourceTree = "<group>"; };
		56CAAA3726EC712A002C247B /* Info.plist */ = {isa = PBXFileReference; lastKnownFileType = text.plist.xml; path = Info.plist; sourceTree = "<group>"; };
		56CAAA4426EC714E002C247B /* Materiall.framework */ = {isa = PBXFileReference; lastKnownFileType = wrapper.framework; name = Materiall.framework; path = "../../libs/Debug-iphonesimulator/Materiall.framework"; sourceTree = "<group>"; };
/* End PBXFileReference section */

/* Begin PBXFrameworksBuildPhase section */
		56CAAA0D26EC7129002C247B /* Frameworks */ = {
			isa = PBXFrameworksBuildPhase;
			buildActionMask = 2147483647;
			files = (
			);
			runOnlyForDeploymentPostprocessing = 0;
		};
		56CAAA2326EC712A002C247B /* Frameworks */ = {
			isa = PBXFrameworksBuildPhase;
			buildActionMask = 2147483647;
			files = (
			);
			runOnlyForDeploymentPostprocessing = 0;
		};
		56CAAA2E26EC712A002C247B /* Frameworks */ = {
			isa = PBXFrameworksBuildPhase;
			buildActionMask = 2147483647;
			files = (
			);
			runOnlyForDeploymentPostprocessing = 0;
		};
/* End PBXFrameworksBuildPhase section */

/* Begin PBXGroup section */
		56CAAA0726EC7129002C247B = {
			isa = PBXGroup;
			children = (
				56CAAA1226EC7129002C247B /* MateriallTestApp */,
				56CAAA2926EC712A002C247B /* MateriallTestAppTests */,
				56CAAA3426EC712A002C247B /* MateriallTestAppUITests */,
				56CAAA1126EC7129002C247B /* Products */,
				56CAAA4326EC714E002C247B /* Frameworks */,
			);
			sourceTree = "<group>";
		};
		56CAAA1126EC7129002C247B /* Products */ = {
			isa = PBXGroup;
			children = (
				56CAAA1026EC7129002C247B /* MateriallTestAppSdk.app */,
				56CAAA2626EC712A002C247B /* MateriallTestAppSdkTests.xctest */,
				56CAAA3126EC712A002C247B /* MateriallTestAppSdkUITests.xctest */,
			);
			name = Products;
			sourceTree = "<group>";
		};
		56CAAA1226EC7129002C247B /* MateriallTestApp */ = {
			isa = PBXGroup;
			children = (
				56CAAA4826EC7197002C247B /* framework */,
				56CAAA1326EC7129002C247B /* AppDelegate.swift */,
				56CAAA1526EC7129002C247B /* SceneDelegate.swift */,
				56CAAA1726EC7129002C247B /* ViewController.swift */,
				56CAAA1926EC7129002C247B /* Main.storyboard */,
				56CAAA1C26EC712A002C247B /* Assets.xcassets */,
				56CAAA1E26EC712A002C247B /* LaunchScreen.storyboard */,
				56CAAA2126EC712A002C247B /* Info.plist */,
			);
			path = MateriallTestApp;
			sourceTree = "<group>";
		};
		56CAAA2926EC712A002C247B /* MateriallTestAppTests */ = {
			isa = PBXGroup;
			children = (
				56CAAA2A26EC712A002C247B /* MateriallTestAppTests.swift */,
				56CAAA2C26EC712A002C247B /* Info.plist */,
			);
			path = MateriallTestAppTests;
			sourceTree = "<group>";
		};
		56CAAA3426EC712A002C247B /* MateriallTestAppUITests */ = {
			isa = PBXGroup;
			children = (
				56CAAA3526EC712A002C247B /* MateriallTestAppUITests.swift */,
				56CAAA3726EC712A002C247B /* Info.plist */,
			);
			path = MateriallTestAppUITests;
			sourceTree = "<group>";
		};
		56CAAA4326EC714E002C247B /* Frameworks */ = {
			isa = PBXGroup;
			children = (
				56CAAA4426EC714E002C247B /* Materiall.framework */,
			);
			name = Frameworks;
			sourceTree = "<group>";
		};
		56CAAA4826EC7197002C247B /* framework */ = {
			isa = PBXGroup;
			children = (
				56970D7926EC849B004B15ED /* MaterialGenerateDiversity.swift */,
				56970D7626EC849B004B15ED /* Materiall.h */,
				56970D7226EC849B004B15ED /* Materiall.swift */,
				56970D7326EC849B004B15ED /* Materiall+Configuration.swift */,
				56970D7526EC849B004B15ED /* MateriallAsyncBlockOperation.swift */,
				56970D7C26EC849B004B15ED /* MateriallBackendAPIRequest.swift */,
				56970D7026EC849B004B15ED /* MateriallBackendConfiguration.swift */,
				56970D7A26EC849B004B15ED /* MateriallNetworkService.swift */,
				56970D6E26EC849B004B15ED /* MateriallProductEvent.swift */,
				56970D7826EC849B004B15ED /* MateriallRecomProductSearchRequest.swift */,
				56970D7426EC849B004B15ED /* MateriallResult.swift */,
				56970D7726EC849B004B15ED /* MaterialRecommendationCategoryRequest.swift */,
				56970D6D26EC849B004B15ED /* MaterialRefreshCache.swift */,
				56970D7B26EC849B004B15ED /* MaterialRefreshConfig.swift */,
				56970D6F26EC849B004B15ED /* MaterialSimilarProductRequest.swift */,
				56970D7D26EC849B004B15ED /* TimeService.swift */,
			);
			path = framework;
			sourceTree = "<group>";
		};
/* End PBXGroup section */

/* Begin PBXNativeTarget section */
		56CAAA0F26EC7129002C247B /* MateriallTestAppSdk */ = {
			isa = PBXNativeTarget;
			buildConfigurationList = 56CAAA3A26EC712A002C247B /* Build configuration list for PBXNativeTarget "MateriallTestAppSdk" */;
			buildPhases = (
				56CAAA0C26EC7129002C247B /* Sources */,
				56CAAA0D26EC7129002C247B /* Frameworks */,
				56CAAA0E26EC7129002C247B /* Resources */,
				56970D6226EC767B004B15ED /* Embed Frameworks */,
			);
			buildRules = (
			);
			dependencies = (
			);
			name = MateriallTestAppSdk;
			productName = MateriallTestApp;
			productReference = 56CAAA1026EC7129002C247B /* MateriallTestAppSdk.app */;
			productType = "com.apple.product-type.application";
		};
		56CAAA2526EC712A002C247B /* MateriallTestAppSdkTests */ = {
			isa = PBXNativeTarget;
			buildConfigurationList = 56CAAA3D26EC712A002C247B /* Build configuration list for PBXNativeTarget "MateriallTestAppSdkTests" */;
			buildPhases = (
				56CAAA2226EC712A002C247B /* Sources */,
				56CAAA2326EC712A002C247B /* Frameworks */,
				56CAAA2426EC712A002C247B /* Resources */,
			);
			buildRules = (
			);
			dependencies = (
				56CAAA2826EC712A002C247B /* PBXTargetDependency */,
			);
			name = MateriallTestAppSdkTests;
			productName = MateriallTestAppTests;
			productReference = 56CAAA2626EC712A002C247B /* MateriallTestAppSdkTests.xctest */;
			productType = "com.apple.product-type.bundle.unit-test";
		};
		56CAAA3026EC712A002C247B /* MateriallTestAppSdkUITests */ = {
			isa = PBXNativeTarget;
			buildConfigurationList = 56CAAA4026EC712A002C247B /* Build configuration list for PBXNativeTarget "MateriallTestAppSdkUITests" */;
			buildPhases = (
				56CAAA2D26EC712A002C247B /* Sources */,
				56CAAA2E26EC712A002C247B /* Frameworks */,
				56CAAA2F26EC712A002C247B /* Resources */,
			);
			buildRules = (
			);
			dependencies = (
				56CAAA3326EC712A002C247B /* PBXTargetDependency */,
			);
			name = MateriallTestAppSdkUITests;
			productName = MateriallTestAppUITests;
			productReference = 56CAAA3126EC712A002C247B /* MateriallTestAppSdkUITests.xctest */;
			productType = "com.apple.product-type.bundle.ui-testing";
		};
/* End PBXNativeTarget section */

/* Begin PBXProject section */
		56CAAA0826EC7129002C247B /* Project object */ = {
			isa = PBXProject;
			attributes = {
				LastSwiftUpdateCheck = 1250;
				LastUpgradeCheck = 1250;
				TargetAttributes = {
					56CAAA0F26EC7129002C247B = {
						CreatedOnToolsVersion = 12.5.1;
					};
					56CAAA2526EC712A002C247B = {
						CreatedOnToolsVersion = 12.5.1;
						TestTargetID = 56CAAA0F26EC7129002C247B;
					};
					56CAAA3026EC712A002C247B = {
						CreatedOnToolsVersion = 12.5.1;
						TestTargetID = 56CAAA0F26EC7129002C247B;
					};
				};
			};
			buildConfigurationList = 56CAAA0B26EC7129002C247B /* Build configuration list for PBXProject "MateriallTestAppSdk" */;
			compatibilityVersion = "Xcode 9.3";
			developmentRegion = en;
			hasScannedForEncodings = 0;
			knownRegions = (
				en,
				Base,
			);
			mainGroup = 56CAAA0726EC7129002C247B;
			productRefGroup = 56CAAA1126EC7129002C247B /* Products */;
			projectDirPath = "";
			projectRoot = "";
			targets = (
				56CAAA0F26EC7129002C247B /* MateriallTestAppSdk */,
				56CAAA2526EC712A002C247B /* MateriallTestAppSdkTests */,
				56CAAA3026EC712A002C247B /* MateriallTestAppSdkUITests */,
			);
		};
/* End PBXProject section */

/* Begin PBXResourcesBuildPhase section */
		56CAAA0E26EC7129002C247B /* Resources */ = {
			isa = PBXResourcesBuildPhase;
			buildActionMask = 2147483647;
			files = (
				56CAAA2026EC712A002C247B /* LaunchScreen.storyboard in Resources */,
				56CAAA1D26EC712A002C247B /* Assets.xcassets in Resources */,
				56CAAA1B26EC7129002C247B /* Main.storyboard in Resources */,
			);
			runOnlyForDeploymentPostprocessing = 0;
		};
		56CAAA2426EC712A002C247B /* Resources */ = {
			isa = PBXResourcesBuildPhase;
			buildActionMask = 2147483647;
			files = (
			);
			runOnlyForDeploymentPostprocessing = 0;
		};
		56CAAA2F26EC712A002C247B /* Resources */ = {
			isa = PBXResourcesBuildPhase;
			buildActionMask = 2147483647;
			files = (
			);
			runOnlyForDeploymentPostprocessing = 0;
		};
/* End PBXResourcesBuildPhase section */

/* Begin PBXSourcesBuildPhase section */
		56CAAA0C26EC7129002C247B /* Sources */ = {
			isa = PBXSourcesBuildPhase;
			buildActionMask = 2147483647;
			files = (
				56970D7F26EC849C004B15ED /* MateriallProductEvent.swift in Sources */,
				56970D8A26EC849C004B15ED /* MateriallNetworkService.swift in Sources */,
				56970D8126EC849C004B15ED /* MateriallBackendConfiguration.swift in Sources */,
				56970D8826EC849C004B15ED /* MateriallRecomProductSearchRequest.swift in Sources */,
				56CAAA1826EC7129002C247B /* ViewController.swift in Sources */,
				56CAAA1426EC7129002C247B /* AppDelegate.swift in Sources */,
				56970D8926EC849C004B15ED /* MaterialGenerateDiversity.swift in Sources */,
				56970D8426EC849C004B15ED /* Materiall+Configuration.swift in Sources */,
				56CAAA1626EC7129002C247B /* SceneDelegate.swift in Sources */,
				56970D8526EC849C004B15ED /* MateriallResult.swift in Sources */,
				56970D8B26EC849C004B15ED /* MaterialRefreshConfig.swift in Sources */,
				56970D8326EC849C004B15ED /* Materiall.swift in Sources */,
				56970D8626EC849C004B15ED /* MateriallAsyncBlockOperation.swift in Sources */,
				56970D8726EC849C004B15ED /* MaterialRecommendationCategoryRequest.swift in Sources */,
				56970D8C26EC849C004B15ED /* MateriallBackendAPIRequest.swift in Sources */,
				56970D8026EC849C004B15ED /* MaterialSimilarProductRequest.swift in Sources */,
				56970D8D26EC849C004B15ED /* TimeService.swift in Sources */,
				56970D7E26EC849C004B15ED /* MaterialRefreshCache.swift in Sources */,
			);
			runOnlyForDeploymentPostprocessing = 0;
		};
		56CAAA2226EC712A002C247B /* Sources */ = {
			isa = PBXSourcesBuildPhase;
			buildActionMask = 2147483647;
			files = (
				56CAAA2B26EC712A002C247B /* MateriallTestAppTests.swift in Sources */,
			);
			runOnlyForDeploymentPostprocessing = 0;
		};
		56CAAA2D26EC712A002C247B /* Sources */ = {
			isa = PBXSourcesBuildPhase;
			buildActionMask = 2147483647;
			files = (
				56CAAA3626EC712A002C247B /* MateriallTestAppUITests.swift in Sources */,
			);
			runOnlyForDeploymentPostprocessing = 0;
		};
/* End PBXSourcesBuildPhase section */

/* Begin PBXTargetDependency section */
		56CAAA2826EC712A002C247B /* PBXTargetDependency */ = {
			isa = PBXTargetDependency;
			target = 56CAAA0F26EC7129002C247B /* MateriallTestAppSdk */;
			targetProxy = 56CAAA2726EC712A002C247B /* PBXContainerItemProxy */;
		};
		56CAAA3326EC712A002C247B /* PBXTargetDependency */ = {
			isa = PBXTargetDependency;
			target = 56CAAA0F26EC7129002C247B /* MateriallTestAppSdk */;
			targetProxy = 56CAAA3226EC712A002C247B /* PBXContainerItemProxy */;
		};
/* End PBXTargetDependency section */

/* Begin PBXVariantGroup section */
		56CAAA1926EC7129002C247B /* Main.storyboard */ = {
			isa = PBXVariantGroup;
			children = (
				56CAAA1A26EC7129002C247B /* Base */,
			);
			name = Main.storyboard;
			sourceTree = "<group>";
		};
		56CAAA1E26EC712A002C247B /* LaunchScreen.storyboard */ = {
			isa = PBXVariantGroup;
			children = (
				56CAAA1F26EC712A002C247B /* Base */,
			);
			name = LaunchScreen.storyboard;
			sourceTree = "<group>";
		};
/* End PBXVariantGroup section */

/* Begin XCBuildConfiguration section */
		56CAAA3826EC712A002C247B /* Debug */ = {
			isa = XCBuildConfiguration;
			buildSettings = {
				ALWAYS_SEARCH_USER_PATHS = NO;
				CLANG_ANALYZER_NONNULL = YES;
				CLANG_ANALYZER_NUMBER_OBJECT_CONVERSION = YES_AGGRESSIVE;
				CLANG_CXX_LANGUAGE_STANDARD = "gnu++14";
				CLANG_CXX_LIBRARY = "libc++";
				CLANG_ENABLE_MODULES = YES;
				CLANG_ENABLE_OBJC_ARC = YES;
				CLANG_ENABLE_OBJC_WEAK = YES;
				CLANG_WARN_BLOCK_CAPTURE_AUTORELEASING = YES;
				CLANG_WARN_BOOL_CONVERSION = YES;
				CLANG_WARN_COMMA = YES;
				CLANG_WARN_CONSTANT_CONVERSION = YES;
				CLANG_WARN_DEPRECATED_OBJC_IMPLEMENTATIONS = YES;
				CLANG_WARN_DIRECT_OBJC_ISA_USAGE = YES_ERROR;
				CLANG_WARN_DOCUMENTATION_COMMENTS = YES;
				CLANG_WARN_EMPTY_BODY = YES;
				CLANG_WARN_ENUM_CONVERSION = YES;
				CLANG_WARN_INFINITE_RECURSION = YES;
				CLANG_WARN_INT_CONVERSION = YES;
				CLANG_WARN_NON_LITERAL_NULL_CONVERSION = YES;
				CLANG_WARN_OBJC_IMPLICIT_RETAIN_SELF = YES;
				CLANG_WARN_OBJC_LITERAL_CONVERSION = YES;
				CLANG_WARN_OBJC_ROOT_CLASS = YES_ERROR;
				CLANG_WARN_QUOTED_INCLUDE_IN_FRAMEWORK_HEADER = YES;
				CLANG_WARN_RANGE_LOOP_ANALYSIS = YES;
				CLANG_WARN_STRICT_PROTOTYPES = YES;
				CLANG_WARN_SUSPICIOUS_MOVE = YES;
				CLANG_WARN_UNGUARDED_AVAILABILITY = YES_AGGRESSIVE;
				CLANG_WARN_UNREACHABLE_CODE = YES;
				CLANG_WARN__DUPLICATE_METHOD_MATCH = YES;
				COPY_PHASE_STRIP = NO;
				DEBUG_INFORMATION_FORMAT = dwarf;
				ENABLE_STRICT_OBJC_MSGSEND = YES;
				ENABLE_TESTABILITY = YES;
				GCC_C_LANGUAGE_STANDARD = gnu11;
				GCC_DYNAMIC_NO_PIC = NO;
				GCC_NO_COMMON_BLOCKS = YES;
				GCC_OPTIMIZATION_LEVEL = 0;
				GCC_PREPROCESSOR_DEFINITIONS = (
					"DEBUG=1",
					"$(inherited)",
				);
				GCC_WARN_64_TO_32_BIT_CONVERSION = YES;
				GCC_WARN_ABOUT_RETURN_TYPE = YES_ERROR;
				GCC_WARN_UNDECLARED_SELECTOR = YES;
				GCC_WARN_UNINITIALIZED_AUTOS = YES_AGGRESSIVE;
				GCC_WARN_UNUSED_FUNCTION = YES;
				GCC_WARN_UNUSED_VARIABLE = YES;
				IPHONEOS_DEPLOYMENT_TARGET = 14.5;
				MTL_ENABLE_DEBUG_INFO = INCLUDE_SOURCE;
				MTL_FAST_MATH = YES;
				ONLY_ACTIVE_ARCH = YES;
				SDKROOT = iphoneos;
				SWIFT_ACTIVE_COMPILATION_CONDITIONS = DEBUG;
				SWIFT_OPTIMIZATION_LEVEL = "-Onone";
			};
			name = Debug;
		};
		56CAAA3926EC712A002C247B /* Release */ = {
			isa = XCBuildConfiguration;
			buildSettings = {
				ALWAYS_SEARCH_USER_PATHS = NO;
				CLANG_ANALYZER_NONNULL = YES;
				CLANG_ANALYZER_NUMBER_OBJECT_CONVERSION = YES_AGGRESSIVE;
				CLANG_CXX_LANGUAGE_STANDARD = "gnu++14";
				CLANG_CXX_LIBRARY = "libc++";
				CLANG_ENABLE_MODULES = YES;
				CLANG_ENABLE_OBJC_ARC = YES;
				CLANG_ENABLE_OBJC_WEAK = YES;
				CLANG_WARN_BLOCK_CAPTURE_AUTORELEASING = YES;
				CLANG_WARN_BOOL_CONVERSION = YES;
				CLANG_WARN_COMMA = YES;
				CLANG_WARN_CONSTANT_CONVERSION = YES;
				CLANG_WARN_DEPRECATED_OBJC_IMPLEMENTATIONS = YES;
				CLANG_WARN_DIRECT_OBJC_ISA_USAGE = YES_ERROR;
				CLANG_WARN_DOCUMENTATION_COMMENTS = YES;
				CLANG_WARN_EMPTY_BODY = YES;
				CLANG_WARN_ENUM_CONVERSION = YES;
				CLANG_WARN_INFINITE_RECURSION = YES;
				CLANG_WARN_INT_CONVERSION = YES;
				CLANG_WARN_NON_LITERAL_NULL_CONVERSION = YES;
				CLANG_WARN_OBJC_IMPLICIT_RETAIN_SELF = YES;
				CLANG_WARN_OBJC_LITERAL_CONVERSION = YES;
				CLANG_WARN_OBJC_ROOT_CLASS = YES_ERROR;
				CLANG_WARN_QUOTED_INCLUDE_IN_FRAMEWORK_HEADER = YES;
				CLANG_WARN_RANGE_LOOP_ANALYSIS = YES;
				CLANG_WARN_STRICT_PROTOTYPES = YES;
				CLANG_WARN_SUSPICIOUS_MOVE = YES;
				CLANG_WARN_UNGUARDED_AVAILABILITY = YES_AGGRESSIVE;
				CLANG_WARN_UNREACHABLE_CODE = YES;
				CLANG_WARN__DUPLICATE_METHOD_MATCH = YES;
				COPY_PHASE_STRIP = NO;
				DEBUG_INFORMATION_FORMAT = "dwarf-with-dsym";
				ENABLE_NS_ASSERTIONS = NO;
				ENABLE_STRICT_OBJC_MSGSEND = YES;
				GCC_C_LANGUAGE_STANDARD = gnu11;
				GCC_NO_COMMON_BLOCKS = YES;
				GCC_WARN_64_TO_32_BIT_CONVERSION = YES;
				GCC_WARN_ABOUT_RETURN_TYPE = YES_ERROR;
				GCC_WARN_UNDECLARED_SELECTOR = YES;
				GCC_WARN_UNINITIALIZED_AUTOS = YES_AGGRESSIVE;
				GCC_WARN_UNUSED_FUNCTION = YES;
				GCC_WARN_UNUSED_VARIABLE = YES;
				IPHONEOS_DEPLOYMENT_TARGET = 14.5;
				MTL_ENABLE_DEBUG_INFO = NO;
				MTL_FAST_MATH = YES;
				SDKROOT = iphoneos;
				SWIFT_COMPILATION_MODE = wholemodule;
				SWIFT_OPTIMIZATION_LEVEL = "-O";
				VALIDATE_PRODUCT = YES;
			};
			name = Release;
		};
		56CAAA3B26EC712A002C247B /* Debug */ = {
			isa = XCBuildConfiguration;
			buildSettings = {
				ASSETCATALOG_COMPILER_APPICON_NAME = AppIcon;
				ASSETCATALOG_COMPILER_GLOBAL_ACCENT_COLOR_NAME = AccentColor;
				CODE_SIGN_STYLE = Automatic;
				DEVELOPMENT_TEAM = R974PQZ2G5;
				FRAMEWORK_SEARCH_PATHS = (
					"$(inherited)",
					"$(PROJECT_DIR)/MateriallTestApp/framework",
				);
				INFOPLIST_FILE = MateriallTestApp/Info.plist;
				LD_RUNPATH_SEARCH_PATHS = (
					"$(inherited)",
					"@executable_path/Frameworks",
				);
				PRODUCT_BUNDLE_IDENTIFIER = com.materiall.app.MateriallTestApp;
				PRODUCT_NAME = "$(TARGET_NAME)";
				SWIFT_VERSION = 5.0;
				TARGETED_DEVICE_FAMILY = "1,2";
			};
			name = Debug;
		};
		56CAAA3C26EC712A002C247B /* Release */ = {
			isa = XCBuildConfiguration;
			buildSettings = {
				ASSETCATALOG_COMPILER_APPICON_NAME = AppIcon;
				ASSETCATALOG_COMPILER_GLOBAL_ACCENT_COLOR_NAME = AccentColor;
				CODE_SIGN_STYLE = Automatic;
				DEVELOPMENT_TEAM = R974PQZ2G5;
				FRAMEWORK_SEARCH_PATHS = (
					"$(inherited)",
					"$(PROJECT_DIR)/MateriallTestApp/framework",
				);
				INFOPLIST_FILE = MateriallTestApp/Info.plist;
				LD_RUNPATH_SEARCH_PATHS = (
					"$(inherited)",
					"@executable_path/Frameworks",
				);
				PRODUCT_BUNDLE_IDENTIFIER = com.materiall.app.MateriallTestApp;
				PRODUCT_NAME = "$(TARGET_NAME)";
				SWIFT_VERSION = 5.0;
				TARGETED_DEVICE_FAMILY = "1,2";
			};
			name = Release;
		};
		56CAAA3E26EC712A002C247B /* Debug */ = {
			isa = XCBuildConfiguration;
			buildSettings = {
				ALWAYS_EMBED_SWIFT_STANDARD_LIBRARIES = YES;
				BUNDLE_LOADER = "$(TEST_HOST)";
				CODE_SIGN_STYLE = Automatic;
				DEVELOPMENT_TEAM = R974PQZ2G5;
				INFOPLIST_FILE = MateriallTestAppTests/Info.plist;
				IPHONEOS_DEPLOYMENT_TARGET = 14.5;
				LD_RUNPATH_SEARCH_PATHS = (
					"$(inherited)",
					"@executable_path/Frameworks",
					"@loader_path/Frameworks",
				);
				PRODUCT_BUNDLE_IDENTIFIER = com.materiall.app.MateriallTestAppTests;
				PRODUCT_NAME = "$(TARGET_NAME)";
				SWIFT_VERSION = 5.0;
				TARGETED_DEVICE_FAMILY = "1,2";
				TEST_HOST = "$(BUILT_PRODUCTS_DIR)/MateriallTestAppSdk.app/MateriallTestAppSdk";
			};
			name = Debug;
		};
		56CAAA3F26EC712A002C247B /* Release */ = {
			isa = XCBuildConfiguration;
			buildSettings = {
				ALWAYS_EMBED_SWIFT_STANDARD_LIBRARIES = YES;
				BUNDLE_LOADER = "$(TEST_HOST)";
				CODE_SIGN_STYLE = Automatic;
				DEVELOPMENT_TEAM = R974PQZ2G5;
				INFOPLIST_FILE = MateriallTestAppTests/Info.plist;
				IPHONEOS_DEPLOYMENT_TARGET = 14.5;
				LD_RUNPATH_SEARCH_PATHS = (
					"$(inherited)",
					"@executable_path/Frameworks",
					"@loader_path/Frameworks",
				);
				PRODUCT_BUNDLE_IDENTIFIER = com.materiall.app.MateriallTestAppTests;
				PRODUCT_NAME = "$(TARGET_NAME)";
				SWIFT_VERSION = 5.0;
				TARGETED_DEVICE_FAMILY = "1,2";
				TEST_HOST = "$(BUILT_PRODUCTS_DIR)/MateriallTestAppSdk.app/MateriallTestAppSdk";
			};
			name = Release;
		};
		56CAAA4126EC712A002C247B /* Debug */ = {
			isa = XCBuildConfiguration;
			buildSettings = {
				ALWAYS_EMBED_SWIFT_STANDARD_LIBRARIES = YES;
				CODE_SIGN_STYLE = Automatic;
				DEVELOPMENT_TEAM = R974PQZ2G5;
				INFOPLIST_FILE = MateriallTestAppUITests/Info.plist;
				LD_RUNPATH_SEARCH_PATHS = (
					"$(inherited)",
					"@executable_path/Frameworks",
					"@loader_path/Frameworks",
				);
				PRODUCT_BUNDLE_IDENTIFIER = com.materiall.app.MateriallTestAppUITests;
				PRODUCT_NAME = "$(TARGET_NAME)";
				SWIFT_VERSION = 5.0;
				TARGETED_DEVICE_FAMILY = "1,2";
				TEST_TARGET_NAME = MateriallTestApp;
			};
			name = Debug;
		};
		56CAAA4226EC712A002C247B /* Release */ = {
			isa = XCBuildConfiguration;
			buildSettings = {
				ALWAYS_EMBED_SWIFT_STANDARD_LIBRARIES = YES;
				CODE_SIGN_STYLE = Automatic;
				DEVELOPMENT_TEAM = R974PQZ2G5;
				INFOPLIST_FILE = MateriallTestAppUITests/Info.plist;
				LD_RUNPATH_SEARCH_PATHS = (
					"$(inherited)",
					"@executable_path/Frameworks",
					"@loader_path/Frameworks",
				);
				PRODUCT_BUNDLE_IDENTIFIER = com.materiall.app.MateriallTestAppUITests;
				PRODUCT_NAME = "$(TARGET_NAME)";
				SWIFT_VERSION = 5.0;
				TARGETED_DEVICE_FAMILY = "1,2";
				TEST_TARGET_NAME = MateriallTestApp;
			};
			name = Release;
		};
/* End XCBuildConfiguration section */

/* Begin XCConfigurationList section */
		56CAAA0B26EC7129002C247B /* Build configuration list for PBXProject "MateriallTestAppSdk" */ = {
			isa = XCConfigurationList;
			buildConfigurations = (
				56CAAA3826EC712A002C247B /* Debug */,
				56CAAA3926EC712A002C247B /* Release */,
			);
			defaultConfigurationIsVisible = 0;
			defaultConfigurationName = Release;
		};
		56CAAA3A26EC712A002C247B /* Build configuration list for PBXNativeTarget "MateriallTestAppSdk" */ = {
			isa = XCConfigurationList;
			buildConfigurations = (
				56CAAA3B26EC712A002C247B /* Debug */,
				56CAAA3C26EC712A002C247B /* Release */,
			);
			defaultConfigurationIsVisible = 0;
			defaultConfigurationName = Release;
		};
		56CAAA3D26EC712A002C247B /* Build configuration list for PBXNativeTarget "MateriallTestAppSdkTests" */ = {
			isa = XCConfigurationList;
			buildConfigurations = (
				56CAAA3E26EC712A002C247B /* Debug */,
				56CAAA3F26EC712A002C247B /* Release */,
			);
			defaultConfigurationIsVisible = 0;
			defaultConfigurationName = Release;
		};
		56CAAA4026EC712A002C247B /* Build configuration list for PBXNativeTarget "MateriallTestAppSdkUITests" */ = {
			isa = XCConfigurationList;
			buildConfigurations = (
				56CAAA4126EC712A002C247B /* Debug */,
				56CAAA4226EC712A002C247B /* Release */,
			);
			defaultConfigurationIsVisible = 0;
			defaultConfigurationName = Release;
		};
/* End XCConfigurationList section */
	};
	rootObject = 56CAAA0826EC7129002C247B /* Project object */;
}
